
Microsoft Visual Studio Solution File, Format Version 12.00
# Visual Studio Version 17
VisualStudioVersion = 17.5.33502.453
MinimumVisualStudioVersion = 10.0.40219.1
Project("{FAE04EC0-301F-11D3-BF4B-00C04F79EFBC}") = "CrackedRustAkladLauncher", "CrackedRustAkladLauncher\CrackedRustAkladLauncher.csproj", "{D422A45F-01C3-414C-B9E2-EF30E577AF7A}"
EndProject
Global
	GlobalSection(SolutionConfigurationPlatforms) = preSolution
		Debug|Any CPU = Debug|Any CPU
		Release|Any CPU = Release|Any CPU
	EndGlobalSection
	GlobalSection(ProjectConfigurationPlatforms) = postSolution
		{D422A45F-01C3-414C-B9E2-EF30E577AF7A}.Debug|Any CPU.ActiveCfg = Debug|Any CPU
		{D422A45F-01C3-414C-B9E2-EF30E577AF7A}.Debug|Any CPU.Build.0 = Debug|Any CPU
		{D422A45F-01C3-414C-B9E2-EF30E577AF7A}.Release|Any CPU.ActiveCfg = Release|Any CPU
		{D422A45F-01C3-414C-B9E2-EF30E577AF7A}.Release|Any CPU.Build.0 = Release|Any CPU
	EndGlobalSection
	GlobalSection(SolutionProperties) = preSolution
		HideSolutionNode = FALSE
	EndGlobalSection
	GlobalSection(ExtensibilityGlobals) = postSolution
		SolutionGuid = {8FFDF0E3-6972-42DD-960B-867A6ACD7058}
	EndGlobalSection
EndGlobal
